
Microsoft Visual Studio Solution File, Format Version 12.00
# Visual Studio Version 17
VisualStudioVersion = 17.11.35222.181
MinimumVisualStudioVersion = 10.0.40219.1
Project("{FAE04EC0-301F-11D3-BF4B-00C04F79EFBC}") = "Furniture_haven", "Foodie\Furniture_haven.csproj", "{9D259626-37EE-4DFD-AAEC-AE96D57D3495}"
EndProject
Global
	GlobalSection(SolutionConfigurationPlatforms) = preSolution
		Debug|Any CPU = Debug|Any CPU
		Release|Any CPU = Release|Any CPU
	EndGlobalSection
	GlobalSection(ProjectConfigurationPlatforms) = postSolution
		{9D259626-37EE-4DFD-AAEC-AE96D57D3495}.Debug|Any CPU.ActiveCfg = Debug|Any CPU
		{9D259626-37EE-4DFD-AAEC-AE96D57D3495}.Debug|Any CPU.Build.0 = Debug|Any CPU
		{9D259626-37EE-4DFD-AAEC-AE96D57D3495}.Release|Any CPU.ActiveCfg = Release|Any CPU
		{9D259626-37EE-4DFD-AAEC-AE96D57D3495}.Release|Any CPU.Build.0 = Release|Any CPU
	EndGlobalSection
	GlobalSection(SolutionProperties) = preSolution
		HideSolutionNode = FALSE
	EndGlobalSection
	GlobalSection(ExtensibilityGlobals) = postSolution
		SolutionGuid = {E56758EE-1C09-4DD6-8E04-0F619F400357}
	EndGlobalSection
EndGlobal
